
Microsoft Visual Studio Solution File, Format Version 12.00
# Visual Studio Version 17
VisualStudioVersion = 17.7.34024.191
MinimumVisualStudioVersion = 10.0.40219.1
Project("{FAE04EC0-301F-11D3-BF4B-00C04F79EFBC}") = "UntitledRPG", "UntitledRPG.csproj", "{60764123-87C2-42F2-BEE6-515D60046AB6}"
EndProject
Global
	GlobalSection(SolutionConfigurationPlatforms) = preSolution
		Debug|Any CPU = Debug|Any CPU
		Release|Any CPU = Release|Any CPU
	EndGlobalSection
	GlobalSection(ProjectConfigurationPlatforms) = postSolution
		{60764123-87C2-42F2-BEE6-515D60046AB6}.Debug|Any CPU.ActiveCfg = Debug|Any CPU
		{60764123-87C2-42F2-BEE6-515D60046AB6}.Debug|Any CPU.Build.0 = Debug|Any CPU
		{60764123-87C2-42F2-BEE6-515D60046AB6}.Release|Any CPU.ActiveCfg = Release|Any CPU
		{60764123-87C2-42F2-BEE6-515D60046AB6}.Release|Any CPU.Build.0 = Release|Any CPU
	EndGlobalSection
	GlobalSection(SolutionProperties) = preSolution
		HideSolutionNode = FALSE
	EndGlobalSection
	GlobalSection(ExtensibilityGlobals) = postSolution
		SolutionGuid = {5AF67115-CDB7-4848-B285-272EB2B79C69}
	EndGlobalSection
EndGlobal
